
Microsoft Visual Studio Solution File, Format Version 12.00
# Visual Studio Version 16
VisualStudioVersion = 16.0.30413.136
MinimumVisualStudioVersion = 10.0.40219.1
Project("{FAE04EC0-301F-11D3-BF4B-00C04F79EFBC}") = "SchoolDemoAPI", "SchoolDemoAPI\SchoolDemoAPI.csproj", "{C2ECA0B5-74CF-4ED9-93ED-C1345E4D39BE}"
EndProject
Global
	GlobalSection(SolutionConfigurationPlatforms) = preSolution
		Debug|Any CPU = Debug|Any CPU
		Release|Any CPU = Release|Any CPU
	EndGlobalSection
	GlobalSection(ProjectConfigurationPlatforms) = postSolution
		{C2ECA0B5-74CF-4ED9-93ED-C1345E4D39BE}.Debug|Any CPU.ActiveCfg = Debug|Any CPU
		{C2ECA0B5-74CF-4ED9-93ED-C1345E4D39BE}.Debug|Any CPU.Build.0 = Debug|Any CPU
		{C2ECA0B5-74CF-4ED9-93ED-C1345E4D39BE}.Release|Any CPU.ActiveCfg = Release|Any CPU
		{C2ECA0B5-74CF-4ED9-93ED-C1345E4D39BE}.Release|Any CPU.Build.0 = Release|Any CPU
	EndGlobalSection
	GlobalSection(SolutionProperties) = preSolution
		HideSolutionNode = FALSE
	EndGlobalSection
	GlobalSection(ExtensibilityGlobals) = postSolution
		SolutionGuid = {787F727E-83C7-4811-921B-6AB4EA9CCE9E}
	EndGlobalSection
EndGlobal
